PODS:
  - Flutter (1.17.0)

DEPENDENCIES:
  - Flutter (from `./Flutter/Debug/Flutter.podspec`)

EXTERNAL SOURCES:
  Flutter:
    :podspec: "./Flutter/Debug/Flutter.podspec"

SPEC CHECKSUMS:
  Flutter: e869ff383fe74e3801e0c515c43bd8603f3c33e3

PODFILE CHECKSUM: 9cc35697b7301a4770f05836e14e1173a59911c8

COCOAPODS: 1.9.1
