// !$*UTF8*$!
{
	archiveVersion = 1;
	classes = {
	};
	objectVersion = 50;
	objects = {

/* Begin PBXBuildFile section */
		42DA560724697976007A6E23 /* AppDelegate.m in Sources */ = {isa = PBXBuildFile; fileRef = 42DA560624697976007A6E23 /* AppDelegate.m */; };
		42DA560A24697976007A6E23 /* SceneDelegate.m in Sources */ = {isa = PBXBuildFile; fileRef = 42DA560924697976007A6E23 /* SceneDelegate.m */; };
		42DA560D24697976007A6E23 /* ViewController.m in Sources */ = {isa = PBXBuildFile; fileRef = 42DA560C24697976007A6E23 /* ViewController.m */; };
		42DA561024697976007A6E23 /* Main.storyboard in Resources */ = {isa = PBXBuildFile; fileRef = 42DA560E24697976007A6E23 /* Main.storyboard */; };
		42DA561224697978007A6E23 /* Assets.xcassets in Resources */ = {isa = PBXBuildFile; fileRef = 42DA561124697978007A6E23 /* Assets.xcassets */; };
		42DA561524697978007A6E23 /* LaunchScreen.storyboard in Resources */ = {isa = PBXBuildFile; fileRef = 42DA561324697978007A6E23 /* LaunchScreen.storyboard */; };
		42DA561824697978007A6E23 /* main.m in Sources */ = {isa = PBXBuildFile; fileRef = 42DA561724697978007A6E23 /* main.m */; };
/* End PBXBuildFile section */

/* Begin PBXFileReference section */
		42DA560224697976007A6E23 /* flutter_testdemo.app */ = {isa = PBXFileReference; explicitFileType = wrapper.application; includeInIndex = 0; path = flutter_testdemo.app; sourceTree = BUILT_PRODUCTS_DIR; };
		42DA560524697976007A6E23 /* AppDelegate.h */ = {isa = PBXFileReference; lastKnownFileType = sourcecode.c.h; path = AppDelegate.h; sourceTree = "<group>"; };
		42DA560624697976007A6E23 /* AppDelegate.m */ = {isa = PBXFileReference; lastKnownFileType = sourcecode.c.objc; path = AppDelegate.m; sourceTree = "<group>"; };
		42DA560824697976007A6E23 /* SceneDelegate.h */ = {isa = PBXFileReference; lastKnownFileType = sourcecode.c.h; path = SceneDelegate.h; sourceTree = "<group>"; };
		42DA560924697976007A6E23 /* SceneDelegate.m */ = {isa = PBXFileReference; lastKnownFileType = sourcecode.c.objc; path = SceneDelegate.m; sourceTree = "<group>"; };
		42DA560B24697976007A6E23 /* ViewController.h */ = {isa = PBXFileReference; lastKnownFileType = sourcecode.c.h; path = ViewController.h; sourceTree = "<group>"; };
		42DA560C24697976007A6E23 /* ViewController.m */ = {isa = PBXFileReference; lastKnownFileType = sourcecode.c.objc; path = ViewController.m; sourceTree = "<group>"; };
		42DA560F24697976007A6E23 /* Base */ = {isa = PBXFileReference; lastKnownFileType = file.storyboard; name = Base; path = Base.lproj/Main.storyboard; sourceTree = "<group>"; };
		42DA561124697978007A6E23 /* Assets.xcassets */ = {isa = PBXFileReference; lastKnownFileType = folder.assetcatalog; path = Assets.xcassets; sourceTree = "<group>"; };
		42DA561424697978007A6E23 /* Base */ = {isa = PBXFileReference; lastKnownFileType = file.storyboard; name = Base; path = Base.lproj/LaunchScreen.storyboard; sourceTree = "<group>"; };
		42DA561624697978007A6E23 /* Info.plist */ = {isa = PBXFileReference; lastKnownFileType = text.plist.xml; path = Info.plist; sourceTree = "<group>"; };
		42DA561724697978007A6E23 /* main.m */ = {isa = PBXFileReference; lastKnownFileType = sourcecode.c.objc; path = main.m; sourceTree = "<group>"; };
/* End PBXFileReference section */

/* Begin PBXFrameworksBuildPhase section */
		42DA55FF24697976007A6E23 /* Frameworks */ = {
			isa = PBXFrameworksBuildPhase;
			buildActionMask = 2147483647;
			files = (
			);
			runOnlyForDeploymentPostprocessing = 0;
		};
/* End PBXFrameworksBuildPhase section */

/* Begin PBXGroup section */
		42DA55F924697976007A6E23 = {
			isa = PBXGroup;
			children = (
				42DA560424697976007A6E23 /* flutter_testdemo */,
				42DA560324697976007A6E23 /* Products */,
			);
			sourceTree = "<group>";
		};
		42DA560324697976007A6E23 /* Products */ = {
			isa = PBXGroup;
			children = (
				42DA560224697976007A6E23 /* flutter_testdemo.app */,
			);
			name = Products;
			sourceTree = "<group>";
		};
		42DA560424697976007A6E23 /* flutter_testdemo */ = {
			isa = PBXGroup;
			children = (
				42DA560524697976007A6E23 /* AppDelegate.h */,
				42DA560624697976007A6E23 /* AppDelegate.m */,
				42DA560824697976007A6E23 /* SceneDelegate.h */,
				42DA560924697976007A6E23 /* SceneDelegate.m */,
				42DA560B24697976007A6E23 /* ViewController.h */,
				42DA560C24697976007A6E23 /* ViewController.m */,
				42DA560E24697976007A6E23 /* Main.storyboard */,
				42DA561124697978007A6E23 /* Assets.xcassets */,
				42DA561324697978007A6E23 /* LaunchScreen.storyboard */,
				42DA561624697978007A6E23 /* Info.plist */,
				42DA561724697978007A6E23 /* main.m */,
			);
			path = flutter_testdemo;
			sourceTree = "<group>";
		};
/* End PBXGroup section */

/* Begin PBXNativeTarget section */
		42DA560124697976007A6E23 /* flutter_testdemo */ = {
			isa = PBXNativeTarget;
			buildConfigurationList = 42DA561B24697978007A6E23 /* Build configuration list for PBXNativeTarget "flutter_testdemo" */;
			buildPhases = (
				42DA55FE24697976007A6E23 /* Sources */,
				42DA55FF24697976007A6E23 /* Frameworks */,
				42DA560024697976007A6E23 /* Resources */,
			);
			buildRules = (
			);
			dependencies = (
			);
			name = flutter_testdemo;
			productName = flutter_testdemo;
			productReference = 42DA560224697976007A6E23 /* flutter_testdemo.app */;
			productType = "com.apple.product-type.application";
		};
/* End PBXNativeTarget section */

/* Begin PBXProject section */
		42DA55FA24697976007A6E23 /* Project object */ = {
			isa = PBXProject;
			attributes = {
				LastUpgradeCheck = 1140;
				ORGANIZATIONNAME = jiumao;
				TargetAttributes = {
					42DA560124697976007A6E23 = {
						CreatedOnToolsVersion = 11.4.1;
					};
				};
			};
			buildConfigurationList = 42DA55FD24697976007A6E23 /* Build configuration list for PBXProject "flutter_testdemo" */;
			compatibilityVersion = "Xcode 9.3";
			developmentRegion = en;
			hasScannedForEncodings = 0;
			knownRegions = (
				en,
				Base,
			);
			mainGroup = 42DA55F924697976007A6E23;
			productRefGroup = 42DA560324697976007A6E23 /* Products */;
			projectDirPath = "";
			projectRoot = "";
			targets = (
				42DA560124697976007A6E23 /* flutter_testdemo */,
			);
		};
/* End PBXProject section */

/* Begin PBXResourcesBuildPhase section */
		42DA560024697976007A6E23 /* Resources */ = {
			isa = PBXResourcesBuildPhase;
			buildActionMask = 2147483647;
			files = (
				42DA561524697978007A6E23 /* LaunchScreen.storyboard in Resources */,
				42DA561224697978007A6E23 /* Assets.xcassets in Resources */,
				42DA561024697976007A6E23 /* Main.storyboard in Resources */,
			);
			runOnlyForDeploymentPostprocessing = 0;
		};
/* End PBXResourcesBuildPhase section */

/* Begin PBXSourcesBuildPhase section */
		42DA55FE24697976007A6E23 /* Sources */ = {
			isa = PBXSourcesBuildPhase;
			buildActionMask = 2147483647;
			files = (
				42DA560D24697976007A6E23 /* ViewController.m in Sources */,
				42DA560724697976007A6E23 /* AppDelegate.m in Sources */,
				42DA561824697978007A6E23 /* main.m in Sources */,
				42DA560A24697976007A6E23 /* SceneDelegate.m in Sources */,
			);
			runOnlyForDeploymentPostprocessing = 0;
		};
/* End PBXSourcesBuildPhase section */

/* Begin PBXVariantGroup section */
		42DA560E24697976007A6E23 /* Main.storyboard */ = {
			isa = PBXVariantGroup;
			children = (
				42DA560F24697976007A6E23 /* Base */,
			);
			name = Main.storyboard;
			sourceTree = "<group>";
		};
		42DA561324697978007A6E23 /* LaunchScreen.storyboard */ = {
			isa = PBXVariantGroup;
			children = (
				42DA561424697978007A6E23 /* Base */,
			);
			name = LaunchScreen.storyboard;
			sourceTree = "<group>";
		};
/* End PBXVariantGroup section */

/* Begin XCBuildConfiguration section */
		42DA561924697978007A6E23 /* Debug */ = {
			isa = XCBuildConfiguration;
			buildSettings = {
				ALWAYS_SEARCH_USER_PATHS = NO;
				CLANG_ANALYZER_NONNULL = YES;
				CLANG_ANALYZER_NUMBER_OBJECT_CONVERSION = YES_AGGRESSIVE;
				CLANG_CXX_LANGUAGE_STANDARD = "gnu++14";
				CLANG_CXX_LIBRARY = "libc++";
				CLANG_ENABLE_MODULES = YES;
				CLANG_ENABLE_OBJC_ARC = YES;
				CLANG_ENABLE_OBJC_WEAK = YES;
				CLANG_WARN_BLOCK_CAPTURE_AUTORELEASING = YES;
				CLANG_WARN_BOOL_CONVERSION = YES;
				CLANG_WARN_COMMA = YES;
				CLANG_WARN_CONSTANT_CONVERSION = YES;
				CLANG_WARN_DEPRECATED_OBJC_IMPLEMENTATIONS = YES;
				CLANG_WARN_DIRECT_OBJC_ISA_USAGE = YES_ERROR;
				CLANG_WARN_DOCUMENTATION_COMMENTS = YES;
				CLANG_WARN_EMPTY_BODY = YES;
				CLANG_WARN_ENUM_CONVERSION = YES;
				CLANG_WARN_INFINITE_RECURSION = YES;
				CLANG_WARN_INT_CONVERSION = YES;
				CLANG_WARN_NON_LITERAL_NULL_CONVERSION = YES;
				CLANG_WARN_OBJC_IMPLICIT_RETAIN_SELF = YES;
				CLANG_WARN_OBJC_LITERAL_CONVERSION = YES;
				CLANG_WARN_OBJC_ROOT_CLASS = YES_ERROR;
				CLANG_WARN_RANGE_LOOP_ANALYSIS = YES;
				CLANG_WARN_STRICT_PROTOTYPES = YES;
				CLANG_WARN_SUSPICIOUS_MOVE = YES;
				CLANG_WARN_UNGUARDED_AVAILABILITY = YES_AGGRESSIVE;
				CLANG_WARN_UNREACHABLE_CODE = YES;
				CLANG_WARN__DUPLICATE_METHOD_MATCH = YES;
				COPY_PHASE_STRIP = NO;
				DEBUG_INFORMATION_FORMAT = dwarf;
				ENABLE_STRICT_OBJC_MSGSEND = YES;
				ENABLE_TESTABILITY = YES;
				GCC_C_LANGUAGE_STANDARD = gnu11;
				GCC_DYNAMIC_NO_PIC = NO;
				GCC_NO_COMMON_BLOCKS = YES;
				GCC_OPTIMIZATION_LEVEL = 0;
				GCC_PREPROCESSOR_DEFINITIONS = (
					"DEBUG=1",
					"$(inherited)",
				);
				GCC_WARN_64_TO_32_BIT_CONVERSION = YES;
				GCC_WARN_ABOUT_RETURN_TYPE = YES_ERROR;
				GCC_WARN_UNDECLARED_SELECTOR = YES;
				GCC_WARN_UNINITIALIZED_AUTOS = YES_AGGRESSIVE;
				GCC_WARN_UNUSED_FUNCTION = YES;
				GCC_WARN_UNUSED_VARIABLE = YES;
				IPHONEOS_DEPLOYMENT_TARGET = 13.4;
				MTL_ENABLE_DEBUG_INFO = INCLUDE_SOURCE;
				MTL_FAST_MATH = YES;
				ONLY_ACTIVE_ARCH = YES;
				SDKROOT = iphoneos;
			};
			name = Debug;
		};
		42DA561A24697978007A6E23 /* Release */ = {
			isa = XCBuildConfiguration;
			buildSettings = {
				ALWAYS_SEARCH_USER_PATHS = NO;
				CLANG_ANALYZER_NONNULL = YES;
				CLANG_ANALYZER_NUMBER_OBJECT_CONVERSION = YES_AGGRESSIVE;
				CLANG_CXX_LANGUAGE_STANDARD = "gnu++14";
				CLANG_CXX_LIBRARY = "libc++";
				CLANG_ENABLE_MODULES = YES;
				CLANG_ENABLE_OBJC_ARC = YES;
				CLANG_ENABLE_OBJC_WEAK = YES;
				CLANG_WARN_BLOCK_CAPTURE_AUTORELEASING = YES;
				CLANG_WARN_BOOL_CONVERSION = YES;
				CLANG_WARN_COMMA = YES;
				CLANG_WARN_CONSTANT_CONVERSION = YES;
				CLANG_WARN_DEPRECATED_OBJC_IMPLEMENTATIONS = YES;
				CLANG_WARN_DIRECT_OBJC_ISA_USAGE = YES_ERROR;
				CLANG_WARN_DOCUMENTATION_COMMENTS = YES;
				CLANG_WARN_EMPTY_BODY = YES;
				CLANG_WARN_ENUM_CONVERSION = YES;
				CLANG_WARN_INFINITE_RECURSION = YES;
				CLANG_WARN_INT_CONVERSION = YES;
				CLANG_WARN_NON_LITERAL_NULL_CONVERSION = YES;
				CLANG_WARN_OBJC_IMPLICIT_RETAIN_SELF = YES;
				CLANG_WARN_OBJC_LITERAL_CONVERSION = YES;
				CLANG_WARN_OBJC_ROOT_CLASS = YES_ERROR;
				CLANG_WARN_RANGE_LOOP_ANALYSIS = YES;
				CLANG_WARN_STRICT_PROTOTYPES = YES;
				CLANG_WARN_SUSPICIOUS_MOVE = YES;
				CLANG_WARN_UNGUARDED_AVAILABILITY = YES_AGGRESSIVE;
				CLANG_WARN_UNREACHABLE_CODE = YES;
				CLANG_WARN__DUPLICATE_METHOD_MATCH = YES;
				COPY_PHASE_STRIP = NO;
				DEBUG_INFORMATION_FORMAT = "dwarf-with-dsym";
				ENABLE_NS_ASSERTIONS = NO;
				ENABLE_STRICT_OBJC_MSGSEND = YES;
				GCC_C_LANGUAGE_STANDARD = gnu11;
				GCC_NO_COMMON_BLOCKS = YES;
				GCC_WARN_64_TO_32_BIT_CONVERSION = YES;
				GCC_WARN_ABOUT_RETURN_TYPE = YES_ERROR;
				GCC_WARN_UNDECLARED_SELECTOR = YES;
				GCC_WARN_UNINITIALIZED_AUTOS = YES_AGGRESSIVE;
				GCC_WARN_UNUSED_FUNCTION = YES;
				GCC_WARN_UNUSED_VARIABLE = YES;
				IPHONEOS_DEPLOYMENT_TARGET = 13.4;
				MTL_ENABLE_DEBUG_INFO = NO;
				MTL_FAST_MATH = YES;
				SDKROOT = iphoneos;
				VALIDATE_PRODUCT = YES;
			};
			name = Release;
		};
		42DA561C24697978007A6E23 /* Debug */ = {
			isa = XCBuildConfiguration;
			buildSettings = {
				ASSETCATALOG_COMPILER_APPICON_NAME = AppIcon;
				CODE_SIGN_STYLE = Automatic;
				DEVELOPMENT_TEAM = 67SWD45FM9;
				INFOPLIST_FILE = flutter_testdemo/Info.plist;
				LD_RUNPATH_SEARCH_PATHS = (
					"$(inherited)",
					"@executable_path/Frameworks",
				);
				PRODUCT_BUNDLE_IDENTIFIER = "com.jiumao.flutter-testdemo";
				PRODUCT_NAME = "$(TARGET_NAME)";
				TARGETED_DEVICE_FAMILY = "1,2";
			};
			name = Debug;
		};
		42DA561D24697978007A6E23 /* Release */ = {
			isa = XCBuildConfiguration;
			buildSettings = {
				ASSETCATALOG_COMPILER_APPICON_NAME = AppIcon;
				CODE_SIGN_STYLE = Automatic;
				DEVELOPMENT_TEAM = 67SWD45FM9;
				INFOPLIST_FILE = flutter_testdemo/Info.plist;
				LD_RUNPATH_SEARCH_PATHS = (
					"$(inherited)",
					"@executable_path/Frameworks",
				);
				PRODUCT_BUNDLE_IDENTIFIER = "com.jiumao.flutter-testdemo";
				PRODUCT_NAME = "$(TARGET_NAME)";
				TARGETED_DEVICE_FAMILY = "1,2";
			};
			name = Release;
		};
/* End XCBuildConfiguration section */

/* Begin XCConfigurationList section */
		42DA55FD24697976007A6E23 /* Build configuration list for PBXProject "flutter_testdemo" */ = {
			isa = XCConfigurationList;
			buildConfigurations = (
				42DA561924697978007A6E23 /* Debug */,
				42DA561A24697978007A6E23 /* Release */,
			);
			defaultConfigurationIsVisible = 0;
			defaultConfigurationName = Release;
		};
		42DA561B24697978007A6E23 /* Build configuration list for PBXNativeTarget "flutter_testdemo" */ = {
			isa = XCConfigurationList;
			buildConfigurations = (
				42DA561C24697978007A6E23 /* Debug */,
				42DA561D24697978007A6E23 /* Release */,
			);
			defaultConfigurationIsVisible = 0;
			defaultConfigurationName = Release;
		};
/* End XCConfigurationList section */
	};
	rootObject = 42DA55FA24697976007A6E23 /* Project object */;
}
